
Microsoft Visual Studio Solution File, Format Version 12.00
# Visual Studio Version 17
VisualStudioVersion = 17.5.33502.453
MinimumVisualStudioVersion = 10.0.40219.1
Project("{FAE04EC0-301F-11D3-BF4B-00C04F79EFBC}") = "BidirectionalStreamingServer2", "BidirectionalStreamingServer2\BidirectionalStreamingServer2.csproj", "{9FB34F6D-E369-4AEB-8D3F-631D20DEBBE0}"
EndProject
Project("{FAE04EC0-301F-11D3-BF4B-00C04F79EFBC}") = "BidirectionalStreamingClient2", "BidirectionalStreamingClient2\BidirectionalStreamingClient2.csproj", "{0B86B80C-E056-44EC-BB11-ABFADD32A948}"
EndProject
Global
	GlobalSection(SolutionConfigurationPlatforms) = preSolution
		Debug|Any CPU = Debug|Any CPU
		Release|Any CPU = Release|Any CPU
	EndGlobalSection
	GlobalSection(ProjectConfigurationPlatforms) = postSolution
		{9FB34F6D-E369-4AEB-8D3F-631D20DEBBE0}.Debug|Any CPU.ActiveCfg = Debug|Any CPU
		{9FB34F6D-E369-4AEB-8D3F-631D20DEBBE0}.Debug|Any CPU.Build.0 = Debug|Any CPU
		{9FB34F6D-E369-4AEB-8D3F-631D20DEBBE0}.Release|Any CPU.ActiveCfg = Release|Any CPU
		{9FB34F6D-E369-4AEB-8D3F-631D20DEBBE0}.Release|Any CPU.Build.0 = Release|Any CPU
		{0B86B80C-E056-44EC-BB11-ABFADD32A948}.Debug|Any CPU.ActiveCfg = Debug|Any CPU
		{0B86B80C-E056-44EC-BB11-ABFADD32A948}.Debug|Any CPU.Build.0 = Debug|Any CPU
		{0B86B80C-E056-44EC-BB11-ABFADD32A948}.Release|Any CPU.ActiveCfg = Release|Any CPU
		{0B86B80C-E056-44EC-BB11-ABFADD32A948}.Release|Any CPU.Build.0 = Release|Any CPU
	EndGlobalSection
	GlobalSection(SolutionProperties) = preSolution
		HideSolutionNode = FALSE
	EndGlobalSection
	GlobalSection(ExtensibilityGlobals) = postSolution
		SolutionGuid = {10D75167-27D6-4694-A80C-13E534A7F9C7}
	EndGlobalSection
EndGlobal
